{
  "name": "Web1_J1_Jordan_VTH",
  "lockfileVersion": 3,
  "requires": true,
  "packages": {
    "": {
      "dependencies": {
        "intl": "^1.2.5",
        "luxon": "^3.4.3"
      }
    },
    "node_modules/intl": {
      "version": "1.2.5",
      "resolved": "https://registry.npmjs.org/intl/-/intl-1.2.5.tgz",
      "integrity": "sha512-rK0KcPHeBFBcqsErKSpvZnrOmWOj+EmDkyJ57e90YWaQNqbcivcqmKDlHEeNprDWOsKzPsh1BfSpPQdDvclHVw=="
    },
    "node_modules/luxon": {
      "version": "3.4.3",
      "resolved": "https://registry.npmjs.org/luxon/-/luxon-3.4.3.tgz",
      "integrity": "sha512-tFWBiv3h7z+T/tDaoxA8rqTxy1CHV6gHS//QdaH4pulbq/JuBSGgQspQQqcgnwdAx6pNI7cmvz5Sv/addzHmUg==",
      "engines": {
        "node": ">=12"
      }
    }
  }
}
